
Microsoft Visual Studio Solution File, Format Version 12.00
Project("{FAE04EC0-301F-11D3-BF4B-00C04F79EFBC}") = "formular0", "formular0\formular0.csproj", "{0D66B81D-6507-4026-964E-31CD6278D8B8}"
EndProject
Global
	GlobalSection(SolutionConfigurationPlatforms) = preSolution
		Debug|Any CPU = Debug|Any CPU
		Release|Any CPU = Release|Any CPU
	EndGlobalSection
	GlobalSection(ProjectConfigurationPlatforms) = postSolution
		{0D66B81D-6507-4026-964E-31CD6278D8B8}.Debug|Any CPU.ActiveCfg = Debug|Any CPU
		{0D66B81D-6507-4026-964E-31CD6278D8B8}.Debug|Any CPU.Build.0 = Debug|Any CPU
		{0D66B81D-6507-4026-964E-31CD6278D8B8}.Release|Any CPU.ActiveCfg = Release|Any CPU
		{0D66B81D-6507-4026-964E-31CD6278D8B8}.Release|Any CPU.Build.0 = Release|Any CPU
	EndGlobalSection
EndGlobal
